
Microsoft Visual Studio Solution File, Format Version 12.00
# Visual Studio 15
VisualStudioVersion = 15.0.27004.2008
MinimumVisualStudioVersion = 10.0.40219.1
Project("{9092AA53-FB77-4645-B42D-1CCCA6BD08BD}") = "JiraSearch", "JiraSearch\JiraSearch.njsproj", "{A45F4C28-91B9-4D09-AEED-743091B49AA6}"
EndProject
Global
	GlobalSection(SolutionConfigurationPlatforms) = preSolution
		Debug|Any CPU = Debug|Any CPU
		Release|Any CPU = Release|Any CPU
	EndGlobalSection
	GlobalSection(ProjectConfigurationPlatforms) = postSolution
		{A45F4C28-91B9-4D09-AEED-743091B49AA6}.Debug|Any CPU.ActiveCfg = Debug|Any CPU
		{A45F4C28-91B9-4D09-AEED-743091B49AA6}.Debug|Any CPU.Build.0 = Debug|Any CPU
		{A45F4C28-91B9-4D09-AEED-743091B49AA6}.Release|Any CPU.ActiveCfg = Release|Any CPU
		{A45F4C28-91B9-4D09-AEED-743091B49AA6}.Release|Any CPU.Build.0 = Release|Any CPU
	EndGlobalSection
	GlobalSection(SolutionProperties) = preSolution
		HideSolutionNode = FALSE
	EndGlobalSection
	GlobalSection(ExtensibilityGlobals) = postSolution
		SolutionGuid = {7D14CCC5-57A5-46D2-8961-E55AFA807C96}
	EndGlobalSection
EndGlobal
